// !$*UTF8*$!
{
	archiveVersion = 1;
	classes = {
	};
	objectVersion = 56;
	objects = {

/* Begin PBXBuildFile section */
		E351B8802ACAF29200592D38 /* MBDataManager.swift in Sources */ = {isa = PBXBuildFile; fileRef = E351B87F2ACAF29200592D38 /* MBDataManager.swift */; };
		E351B8822ACAF59300592D38 /* MBSignupVM.swift in Sources */ = {isa = PBXBuildFile; fileRef = E351B8812ACAF59300592D38 /* MBSignupVM.swift */; };
		E3D66D252AC9A50900C290A6 /* AppDelegate.swift in Sources */ = {isa = PBXBuildFile; fileRef = E3D66D242AC9A50900C290A6 /* AppDelegate.swift */; };
		E3D66D272AC9A50900C290A6 /* SceneDelegate.swift in Sources */ = {isa = PBXBuildFile; fileRef = E3D66D262AC9A50900C290A6 /* SceneDelegate.swift */; };
		E3D66D292AC9A50900C290A6 /* RootViewController.swift in Sources */ = {isa = PBXBuildFile; fileRef = E3D66D282AC9A50900C290A6 /* RootViewController.swift */; };
		E3D66D2E2AC9A50A00C290A6 /* Assets.xcassets in Resources */ = {isa = PBXBuildFile; fileRef = E3D66D2D2AC9A50A00C290A6 /* Assets.xcassets */; };
		E3D66D312AC9A50A00C290A6 /* LaunchScreen.storyboard in Resources */ = {isa = PBXBuildFile; fileRef = E3D66D2F2AC9A50A00C290A6 /* LaunchScreen.storyboard */; };
		E3D66D412AC9AED100C290A6 /* UIFont+Extension.swift in Sources */ = {isa = PBXBuildFile; fileRef = E3D66D402AC9AED100C290A6 /* UIFont+Extension.swift */; };
		E3D66D472AC9B0AF00C290A6 /* UIImage+Extension.swift in Sources */ = {isa = PBXBuildFile; fileRef = E3D66D462AC9B0AF00C290A6 /* UIImage+Extension.swift */; };
		E3D66D492AC9B0C400C290A6 /* MBImageName.swift in Sources */ = {isa = PBXBuildFile; fileRef = E3D66D482AC9B0C400C290A6 /* MBImageName.swift */; };
		E3D66D4B2AC9B10600C290A6 /* Color.xcassets in Resources */ = {isa = PBXBuildFile; fileRef = E3D66D4A2AC9B10600C290A6 /* Color.xcassets */; };
		E3D66D4D2AC9B13200C290A6 /* UIColor+Extension.swift in Sources */ = {isa = PBXBuildFile; fileRef = E3D66D4C2AC9B13200C290A6 /* UIColor+Extension.swift */; };
		E3D66D4F2AC9B16100C290A6 /* MBColor.swift in Sources */ = {isa = PBXBuildFile; fileRef = E3D66D4E2AC9B16100C290A6 /* MBColor.swift */; };
		E3D66D512AC9C4F900C290A6 /* Auth.storyboard in Resources */ = {isa = PBXBuildFile; fileRef = E3D66D502AC9C4F900C290A6 /* Auth.storyboard */; };
		E3D66D542AC9D1FE00C290A6 /* MBLandingVC.swift in Sources */ = {isa = PBXBuildFile; fileRef = E3D66D532AC9D1FE00C290A6 /* MBLandingVC.swift */; };
		E3D66D572AC9D65600C290A6 /* MBTextField.swift in Sources */ = {isa = PBXBuildFile; fileRef = E3D66D562AC9D65600C290A6 /* MBTextField.swift */; };
		E3D66D5A2ACA774000C290A6 /* MBLoginVC.swift in Sources */ = {isa = PBXBuildFile; fileRef = E3D66D592ACA774000C290A6 /* MBLoginVC.swift */; };
		E3D66D5C2ACA8E4200C290A6 /* MBValidation.swift in Sources */ = {isa = PBXBuildFile; fileRef = E3D66D5B2ACA8E4200C290A6 /* MBValidation.swift */; };
		E3D66D5F2ACA974700C290A6 /* MBSignupVC.swift in Sources */ = {isa = PBXBuildFile; fileRef = E3D66D5E2ACA974700C290A6 /* MBSignupVC.swift */; };
		E3D66D612ACA980000C290A6 /* MBSignupPageTVCell.swift in Sources */ = {isa = PBXBuildFile; fileRef = E3D66D602ACA97FF00C290A6 /* MBSignupPageTVCell.swift */; };
		E3D66D632ACAAC1F00C290A6 /* MBHome.storyboard in Resources */ = {isa = PBXBuildFile; fileRef = E3D66D622ACAAC1F00C290A6 /* MBHome.storyboard */; };
		E3D66D662ACAADF400C290A6 /* MBHomeVC.swift in Sources */ = {isa = PBXBuildFile; fileRef = E3D66D652ACAADF400C290A6 /* MBHomeVC.swift */; };
		E3D66D692ACAC5AB00C290A6 /* countries.json in Resources */ = {isa = PBXBuildFile; fileRef = E3D66D682ACAC5AB00C290A6 /* countries.json */; };
		E3D66D6B2ACAC64500C290A6 /* MBContryDataModel.swift in Sources */ = {isa = PBXBuildFile; fileRef = E3D66D6A2ACAC64500C290A6 /* MBContryDataModel.swift */; };
		E3D66D6D2ACAD65E00C290A6 /* MBContryLoader.swift in Sources */ = {isa = PBXBuildFile; fileRef = E3D66D6C2ACAD65E00C290A6 /* MBContryLoader.swift */; };
		E3D66D6F2ACAE25700C290A6 /* MBBaseViewController.swift in Sources */ = {isa = PBXBuildFile; fileRef = E3D66D6E2ACAE25700C290A6 /* MBBaseViewController.swift */; };
/* End PBXBuildFile section */

/* Begin PBXFileReference section */
		E351B87F2ACAF29200592D38 /* MBDataManager.swift */ = {isa = PBXFileReference; lastKnownFileType = sourcecode.swift; path = MBDataManager.swift; sourceTree = "<group>"; };
		E351B8812ACAF59300592D38 /* MBSignupVM.swift */ = {isa = PBXFileReference; lastKnownFileType = sourcecode.swift; path = MBSignupVM.swift; sourceTree = "<group>"; };
		E3D66D212AC9A50900C290A6 /* MedBook.app */ = {isa = PBXFileReference; explicitFileType = wrapper.application; includeInIndex = 0; path = MedBook.app; sourceTree = BUILT_PRODUCTS_DIR; };
		E3D66D242AC9A50900C290A6 /* AppDelegate.swift */ = {isa = PBXFileReference; lastKnownFileType = sourcecode.swift; path = AppDelegate.swift; sourceTree = "<group>"; };
		E3D66D262AC9A50900C290A6 /* SceneDelegate.swift */ = {isa = PBXFileReference; lastKnownFileType = sourcecode.swift; path = SceneDelegate.swift; sourceTree = "<group>"; };
		E3D66D282AC9A50900C290A6 /* RootViewController.swift */ = {isa = PBXFileReference; lastKnownFileType = sourcecode.swift; path = RootViewController.swift; sourceTree = "<group>"; };
		E3D66D2D2AC9A50A00C290A6 /* Assets.xcassets */ = {isa = PBXFileReference; lastKnownFileType = folder.assetcatalog; path = Assets.xcassets; sourceTree = "<group>"; };
		E3D66D302AC9A50A00C290A6 /* Base */ = {isa = PBXFileReference; lastKnownFileType = file.storyboard; name = Base; path = Base.lproj/LaunchScreen.storyboard; sourceTree = "<group>"; };
		E3D66D322AC9A50A00C290A6 /* Info.plist */ = {isa = PBXFileReference; lastKnownFileType = text.plist.xml; path = Info.plist; sourceTree = "<group>"; };
		E3D66D402AC9AED100C290A6 /* UIFont+Extension.swift */ = {isa = PBXFileReference; lastKnownFileType = sourcecode.swift; path = "UIFont+Extension.swift"; sourceTree = "<group>"; };
		E3D66D422AC9AF1100C290A6 /* Degular-Bold.ttf */ = {isa = PBXFileReference; lastKnownFileType = file; path = "Degular-Bold.ttf"; sourceTree = "<group>"; };
		E3D66D432AC9AF1100C290A6 /* Degular-Medium.ttf */ = {isa = PBXFileReference; lastKnownFileType = file; path = "Degular-Medium.ttf"; sourceTree = "<group>"; };
		E3D66D442AC9AF1100C290A6 /* Degular-Semibold.ttf */ = {isa = PBXFileReference; lastKnownFileType = file; path = "Degular-Semibold.ttf"; sourceTree = "<group>"; };
		E3D66D452AC9AF1100C290A6 /* Degular-Regular.ttf */ = {isa = PBXFileReference; lastKnownFileType = file; path = "Degular-Regular.ttf"; sourceTree = "<group>"; };
		E3D66D462AC9B0AF00C290A6 /* UIImage+Extension.swift */ = {isa = PBXFileReference; lastKnownFileType = sourcecode.swift; path = "UIImage+Extension.swift"; sourceTree = "<group>"; };
		E3D66D482AC9B0C400C290A6 /* MBImageName.swift */ = {isa = PBXFileReference; lastKnownFileType = sourcecode.swift; path = MBImageName.swift; sourceTree = "<group>"; };
		E3D66D4A2AC9B10600C290A6 /* Color.xcassets */ = {isa = PBXFileReference; lastKnownFileType = folder.assetcatalog; path = Color.xcassets; sourceTree = "<group>"; };
		E3D66D4C2AC9B13200C290A6 /* UIColor+Extension.swift */ = {isa = PBXFileReference; lastKnownFileType = sourcecode.swift; path = "UIColor+Extension.swift"; sourceTree = "<group>"; };
		E3D66D4E2AC9B16100C290A6 /* MBColor.swift */ = {isa = PBXFileReference; lastKnownFileType = sourcecode.swift; path = MBColor.swift; sourceTree = "<group>"; };
		E3D66D502AC9C4F900C290A6 /* Auth.storyboard */ = {isa = PBXFileReference; lastKnownFileType = file.storyboard; path = Auth.storyboard; sourceTree = "<group>"; };
		E3D66D532AC9D1FE00C290A6 /* MBLandingVC.swift */ = {isa = PBXFileReference; lastKnownFileType = sourcecode.swift; path = MBLandingVC.swift; sourceTree = "<group>"; };
		E3D66D562AC9D65600C290A6 /* MBTextField.swift */ = {isa = PBXFileReference; lastKnownFileType = sourcecode.swift; path = MBTextField.swift; sourceTree = "<group>"; };
		E3D66D592ACA774000C290A6 /* MBLoginVC.swift */ = {isa = PBXFileReference; lastKnownFileType = sourcecode.swift; path = MBLoginVC.swift; sourceTree = "<group>"; };
		E3D66D5B2ACA8E4200C290A6 /* MBValidation.swift */ = {isa = PBXFileReference; lastKnownFileType = sourcecode.swift; path = MBValidation.swift; sourceTree = "<group>"; };
		E3D66D5E2ACA974700C290A6 /* MBSignupVC.swift */ = {isa = PBXFileReference; lastKnownFileType = sourcecode.swift; path = MBSignupVC.swift; sourceTree = "<group>"; };
		E3D66D602ACA97FF00C290A6 /* MBSignupPageTVCell.swift */ = {isa = PBXFileReference; lastKnownFileType = sourcecode.swift; path = MBSignupPageTVCell.swift; sourceTree = "<group>"; };
		E3D66D622ACAAC1F00C290A6 /* MBHome.storyboard */ = {isa = PBXFileReference; lastKnownFileType = file.storyboard; path = MBHome.storyboard; sourceTree = "<group>"; };
		E3D66D652ACAADF400C290A6 /* MBHomeVC.swift */ = {isa = PBXFileReference; lastKnownFileType = sourcecode.swift; path = MBHomeVC.swift; sourceTree = "<group>"; };
		E3D66D682ACAC5AB00C290A6 /* countries.json */ = {isa = PBXFileReference; fileEncoding = 4; lastKnownFileType = text.json; path = countries.json; sourceTree = "<group>"; };
		E3D66D6A2ACAC64500C290A6 /* MBContryDataModel.swift */ = {isa = PBXFileReference; lastKnownFileType = sourcecode.swift; path = MBContryDataModel.swift; sourceTree = "<group>"; };
		E3D66D6C2ACAD65E00C290A6 /* MBContryLoader.swift */ = {isa = PBXFileReference; lastKnownFileType = sourcecode.swift; path = MBContryLoader.swift; sourceTree = "<group>"; };
		E3D66D6E2ACAE25700C290A6 /* MBBaseViewController.swift */ = {isa = PBXFileReference; lastKnownFileType = sourcecode.swift; path = MBBaseViewController.swift; sourceTree = "<group>"; };
/* End PBXFileReference section */

/* Begin PBXFrameworksBuildPhase section */
		E3D66D1E2AC9A50900C290A6 /* Frameworks */ = {
			isa = PBXFrameworksBuildPhase;
			buildActionMask = 2147483647;
			files = (
			);
			runOnlyForDeploymentPostprocessing = 0;
		};
/* End PBXFrameworksBuildPhase section */

/* Begin PBXGroup section */
		E351B87E2ACAF28200592D38 /* Storage */ = {
			isa = PBXGroup;
			children = (
				E351B87F2ACAF29200592D38 /* MBDataManager.swift */,
			);
			path = Storage;
			sourceTree = "<group>";
		};
		E3D66D182AC9A50900C290A6 = {
			isa = PBXGroup;
			children = (
				E3D66D232AC9A50900C290A6 /* MedBook */,
				E3D66D222AC9A50900C290A6 /* Products */,
			);
			sourceTree = "<group>";
		};
		E3D66D222AC9A50900C290A6 /* Products */ = {
			isa = PBXGroup;
			children = (
				E3D66D212AC9A50900C290A6 /* MedBook.app */,
			);
			name = Products;
			sourceTree = "<group>";
		};
		E3D66D232AC9A50900C290A6 /* MedBook */ = {
			isa = PBXGroup;
			children = (
				E351B87E2ACAF28200592D38 /* Storage */,
				E3D66D672ACAC59700C290A6 /* Data */,
				E3D66D552AC9D63B00C290A6 /* Component */,
				E3D66D3D2AC9A91700C290A6 /* Util */,
				E3D66D3C2AC9A91100C290A6 /* Screen */,
				E3D66D382AC9A8F500C290A6 /* Asset */,
				E3D66D242AC9A50900C290A6 /* AppDelegate.swift */,
				E3D66D6E2ACAE25700C290A6 /* MBBaseViewController.swift */,
				E3D66D262AC9A50900C290A6 /* SceneDelegate.swift */,
				E3D66D282AC9A50900C290A6 /* RootViewController.swift */,
				E3D66D2F2AC9A50A00C290A6 /* LaunchScreen.storyboard */,
				E3D66D322AC9A50A00C290A6 /* Info.plist */,
			);
			path = MedBook;
			sourceTree = "<group>";
		};
		E3D66D382AC9A8F500C290A6 /* Asset */ = {
			isa = PBXGroup;
			children = (
				E3D66D3B2AC9A90700C290A6 /* Font */,
				E3D66D3A2AC9A90200C290A6 /* Image */,
				E3D66D392AC9A8FC00C290A6 /* Color */,
			);
			path = Asset;
			sourceTree = "<group>";
		};
		E3D66D392AC9A8FC00C290A6 /* Color */ = {
			isa = PBXGroup;
			children = (
				E3D66D4A2AC9B10600C290A6 /* Color.xcassets */,
				E3D66D4C2AC9B13200C290A6 /* UIColor+Extension.swift */,
				E3D66D4E2AC9B16100C290A6 /* MBColor.swift */,
			);
			path = Color;
			sourceTree = "<group>";
		};
		E3D66D3A2AC9A90200C290A6 /* Image */ = {
			isa = PBXGroup;
			children = (
				E3D66D2D2AC9A50A00C290A6 /* Assets.xcassets */,
				E3D66D462AC9B0AF00C290A6 /* UIImage+Extension.swift */,
				E3D66D482AC9B0C400C290A6 /* MBImageName.swift */,
			);
			path = Image;
			sourceTree = "<group>";
		};
		E3D66D3B2AC9A90700C290A6 /* Font */ = {
			isa = PBXGroup;
			children = (
				E3D66D402AC9AED100C290A6 /* UIFont+Extension.swift */,
				E3D66D422AC9AF1100C290A6 /* Degular-Bold.ttf */,
				E3D66D432AC9AF1100C290A6 /* Degular-Medium.ttf */,
				E3D66D452AC9AF1100C290A6 /* Degular-Regular.ttf */,
				E3D66D442AC9AF1100C290A6 /* Degular-Semibold.ttf */,
			);
			path = Font;
			sourceTree = "<group>";
		};
		E3D66D3C2AC9A91100C290A6 /* Screen */ = {
			isa = PBXGroup;
			children = (
				E3D66D642ACAADE100C290A6 /* Home */,
				E3D66D5D2ACA973500C290A6 /* Signup */,
				E3D66D582ACA772900C290A6 /* Login */,
				E3D66D522AC9D1D400C290A6 /* Landing */,
				E3D66D502AC9C4F900C290A6 /* Auth.storyboard */,
				E3D66D622ACAAC1F00C290A6 /* MBHome.storyboard */,
			);
			path = Screen;
			sourceTree = "<group>";
		};
		E3D66D3D2AC9A91700C290A6 /* Util */ = {
			isa = PBXGroup;
			children = (
				E3D66D5B2ACA8E4200C290A6 /* MBValidation.swift */,
			);
			path = Util;
			sourceTree = "<group>";
		};
		E3D66D522AC9D1D400C290A6 /* Landing */ = {
			isa = PBXGroup;
			children = (
				E3D66D532AC9D1FE00C290A6 /* MBLandingVC.swift */,
			);
			path = Landing;
			sourceTree = "<group>";
		};
		E3D66D552AC9D63B00C290A6 /* Component */ = {
			isa = PBXGroup;
			children = (
				E3D66D562AC9D65600C290A6 /* MBTextField.swift */,
			);
			path = Component;
			sourceTree = "<group>";
		};
		E3D66D582ACA772900C290A6 /* Login */ = {
			isa = PBXGroup;
			children = (
				E3D66D592ACA774000C290A6 /* MBLoginVC.swift */,
			);
			path = Login;
			sourceTree = "<group>";
		};
		E3D66D5D2ACA973500C290A6 /* Signup */ = {
			isa = PBXGroup;
			children = (
				E3D66D5E2ACA974700C290A6 /* MBSignupVC.swift */,
				E3D66D602ACA97FF00C290A6 /* MBSignupPageTVCell.swift */,
				E351B8812ACAF59300592D38 /* MBSignupVM.swift */,
			);
			path = Signup;
			sourceTree = "<group>";
		};
		E3D66D642ACAADE100C290A6 /* Home */ = {
			isa = PBXGroup;
			children = (
				E3D66D652ACAADF400C290A6 /* MBHomeVC.swift */,
			);
			path = Home;
			sourceTree = "<group>";
		};
		E3D66D672ACAC59700C290A6 /* Data */ = {
			isa = PBXGroup;
			children = (
				E3D66D682ACAC5AB00C290A6 /* countries.json */,
				E3D66D6A2ACAC64500C290A6 /* MBContryDataModel.swift */,
				E3D66D6C2ACAD65E00C290A6 /* MBContryLoader.swift */,
			);
			path = Data;
			sourceTree = "<group>";
		};
/* End PBXGroup section */

/* Begin PBXNativeTarget section */
		E3D66D202AC9A50900C290A6 /* MedBook */ = {
			isa = PBXNativeTarget;
			buildConfigurationList = E3D66D352AC9A50A00C290A6 /* Build configuration list for PBXNativeTarget "MedBook" */;
			buildPhases = (
				E3D66D1D2AC9A50900C290A6 /* Sources */,
				E3D66D1E2AC9A50900C290A6 /* Frameworks */,
				E3D66D1F2AC9A50900C290A6 /* Resources */,
			);
			buildRules = (
			);
			dependencies = (
			);
			name = MedBook;
			productName = MedBook;
			productReference = E3D66D212AC9A50900C290A6 /* MedBook.app */;
			productType = "com.apple.product-type.application";
		};
/* End PBXNativeTarget section */

/* Begin PBXProject section */
		E3D66D192AC9A50900C290A6 /* Project object */ = {
			isa = PBXProject;
			attributes = {
				BuildIndependentTargetsInParallel = 1;
				LastSwiftUpdateCheck = 1500;
				LastUpgradeCheck = 1500;
				TargetAttributes = {
					E3D66D202AC9A50900C290A6 = {
						CreatedOnToolsVersion = 15.0;
					};
				};
			};
			buildConfigurationList = E3D66D1C2AC9A50900C290A6 /* Build configuration list for PBXProject "MedBook" */;
			compatibilityVersion = "Xcode 14.0";
			developmentRegion = en;
			hasScannedForEncodings = 0;
			knownRegions = (
				en,
				Base,
			);
			mainGroup = E3D66D182AC9A50900C290A6;
			productRefGroup = E3D66D222AC9A50900C290A6 /* Products */;
			projectDirPath = "";
			projectRoot = "";
			targets = (
				E3D66D202AC9A50900C290A6 /* MedBook */,
			);
		};
/* End PBXProject section */

/* Begin PBXResourcesBuildPhase section */
		E3D66D1F2AC9A50900C290A6 /* Resources */ = {
			isa = PBXResourcesBuildPhase;
			buildActionMask = 2147483647;
			files = (
				E3D66D312AC9A50A00C290A6 /* LaunchScreen.storyboard in Resources */,
				E3D66D4B2AC9B10600C290A6 /* Color.xcassets in Resources */,
				E3D66D632ACAAC1F00C290A6 /* MBHome.storyboard in Resources */,
				E3D66D2E2AC9A50A00C290A6 /* Assets.xcassets in Resources */,
				E3D66D512AC9C4F900C290A6 /* Auth.storyboard in Resources */,
				E3D66D692ACAC5AB00C290A6 /* countries.json in Resources */,
			);
			runOnlyForDeploymentPostprocessing = 0;
		};
/* End PBXResourcesBuildPhase section */

/* Begin PBXSourcesBuildPhase section */
		E3D66D1D2AC9A50900C290A6 /* Sources */ = {
			isa = PBXSourcesBuildPhase;
			buildActionMask = 2147483647;
			files = (
				E3D66D4D2AC9B13200C290A6 /* UIColor+Extension.swift in Sources */,
				E351B8802ACAF29200592D38 /* MBDataManager.swift in Sources */,
				E3D66D292AC9A50900C290A6 /* RootViewController.swift in Sources */,
				E351B8822ACAF59300592D38 /* MBSignupVM.swift in Sources */,
				E3D66D252AC9A50900C290A6 /* AppDelegate.swift in Sources */,
				E3D66D5C2ACA8E4200C290A6 /* MBValidation.swift in Sources */,
				E3D66D6F2ACAE25700C290A6 /* MBBaseViewController.swift in Sources */,
				E3D66D542AC9D1FE00C290A6 /* MBLandingVC.swift in Sources */,
				E3D66D572AC9D65600C290A6 /* MBTextField.swift in Sources */,
				E3D66D472AC9B0AF00C290A6 /* UIImage+Extension.swift in Sources */,
				E3D66D412AC9AED100C290A6 /* UIFont+Extension.swift in Sources */,
				E3D66D662ACAADF400C290A6 /* MBHomeVC.swift in Sources */,
				E3D66D5A2ACA774000C290A6 /* MBLoginVC.swift in Sources */,
				E3D66D272AC9A50900C290A6 /* SceneDelegate.swift in Sources */,
				E3D66D6B2ACAC64500C290A6 /* MBContryDataModel.swift in Sources */,
				E3D66D5F2ACA974700C290A6 /* MBSignupVC.swift in Sources */,
				E3D66D6D2ACAD65E00C290A6 /* MBContryLoader.swift in Sources */,
				E3D66D612ACA980000C290A6 /* MBSignupPageTVCell.swift in Sources */,
				E3D66D4F2AC9B16100C290A6 /* MBColor.swift in Sources */,
				E3D66D492AC9B0C400C290A6 /* MBImageName.swift in Sources */,
			);
			runOnlyForDeploymentPostprocessing = 0;
		};
/* End PBXSourcesBuildPhase section */

/* Begin PBXVariantGroup section */
		E3D66D2F2AC9A50A00C290A6 /* LaunchScreen.storyboard */ = {
			isa = PBXVariantGroup;
			children = (
				E3D66D302AC9A50A00C290A6 /* Base */,
			);
			name = LaunchScreen.storyboard;
			sourceTree = "<group>";
		};
/* End PBXVariantGroup section */

/* Begin XCBuildConfiguration section */
		E3D66D332AC9A50A00C290A6 /* Debug */ = {
			isa = XCBuildConfiguration;
			buildSettings = {
				ALWAYS_SEARCH_USER_PATHS = NO;
				ASSETCATALOG_COMPILER_GENERATE_SWIFT_ASSET_SYMBOL_EXTENSIONS = YES;
				CLANG_ANALYZER_NONNULL = YES;
				CLANG_ANALYZER_NUMBER_OBJECT_CONVERSION = YES_AGGRESSIVE;
				CLANG_CXX_LANGUAGE_STANDARD = "gnu++20";
				CLANG_ENABLE_MODULES = YES;
				CLANG_ENABLE_OBJC_ARC = YES;
				CLANG_ENABLE_OBJC_WEAK = YES;
				CLANG_WARN_BLOCK_CAPTURE_AUTORELEASING = YES;
				CLANG_WARN_BOOL_CONVERSION = YES;
				CLANG_WARN_COMMA = YES;
				CLANG_WARN_CONSTANT_CONVERSION = YES;
				CLANG_WARN_DEPRECATED_OBJC_IMPLEMENTATIONS = YES;
				CLANG_WARN_DIRECT_OBJC_ISA_USAGE = YES_ERROR;
				CLANG_WARN_DOCUMENTATION_COMMENTS = YES;
				CLANG_WARN_EMPTY_BODY = YES;
				CLANG_WARN_ENUM_CONVERSION = YES;
				CLANG_WARN_INFINITE_RECURSION = YES;
				CLANG_WARN_INT_CONVERSION = YES;
				CLANG_WARN_NON_LITERAL_NULL_CONVERSION = YES;
				CLANG_WARN_OBJC_IMPLICIT_RETAIN_SELF = YES;
				CLANG_WARN_OBJC_LITERAL_CONVERSION = YES;
				CLANG_WARN_OBJC_ROOT_CLASS = YES_ERROR;
				CLANG_WARN_QUOTED_INCLUDE_IN_FRAMEWORK_HEADER = YES;
				CLANG_WARN_RANGE_LOOP_ANALYSIS = YES;
				CLANG_WARN_STRICT_PROTOTYPES = YES;
				CLANG_WARN_SUSPICIOUS_MOVE = YES;
				CLANG_WARN_UNGUARDED_AVAILABILITY = YES_AGGRESSIVE;
				CLANG_WARN_UNREACHABLE_CODE = YES;
				CLANG_WARN__DUPLICATE_METHOD_MATCH = YES;
				COPY_PHASE_STRIP = NO;
				DEBUG_INFORMATION_FORMAT = dwarf;
				ENABLE_STRICT_OBJC_MSGSEND = YES;
				ENABLE_TESTABILITY = YES;
				ENABLE_USER_SCRIPT_SANDBOXING = YES;
				GCC_C_LANGUAGE_STANDARD = gnu17;
				GCC_DYNAMIC_NO_PIC = NO;
				GCC_NO_COMMON_BLOCKS = YES;
				GCC_OPTIMIZATION_LEVEL = 0;
				GCC_PREPROCESSOR_DEFINITIONS = (
					"DEBUG=1",
					"$(inherited)",
				);
				GCC_WARN_64_TO_32_BIT_CONVERSION = YES;
				GCC_WARN_ABOUT_RETURN_TYPE = YES_ERROR;
				GCC_WARN_UNDECLARED_SELECTOR = YES;
				GCC_WARN_UNINITIALIZED_AUTOS = YES_AGGRESSIVE;
				GCC_WARN_UNUSED_FUNCTION = YES;
				GCC_WARN_UNUSED_VARIABLE = YES;
				IPHONEOS_DEPLOYMENT_TARGET = 15.0;
				LOCALIZATION_PREFERS_STRING_CATALOGS = YES;
				MTL_ENABLE_DEBUG_INFO = INCLUDE_SOURCE;
				MTL_FAST_MATH = YES;
				ONLY_ACTIVE_ARCH = YES;
				SDKROOT = iphoneos;
				SWIFT_ACTIVE_COMPILATION_CONDITIONS = "DEBUG $(inherited)";
				SWIFT_OPTIMIZATION_LEVEL = "-Onone";
			};
			name = Debug;
		};
		E3D66D342AC9A50A00C290A6 /* Release */ = {
			isa = XCBuildConfiguration;
			buildSettings = {
				ALWAYS_SEARCH_USER_PATHS = NO;
				ASSETCATALOG_COMPILER_GENERATE_SWIFT_ASSET_SYMBOL_EXTENSIONS = YES;
				CLANG_ANALYZER_NONNULL = YES;
				CLANG_ANALYZER_NUMBER_OBJECT_CONVERSION = YES_AGGRESSIVE;
				CLANG_CXX_LANGUAGE_STANDARD = "gnu++20";
				CLANG_ENABLE_MODULES = YES;
				CLANG_ENABLE_OBJC_ARC = YES;
				CLANG_ENABLE_OBJC_WEAK = YES;
				CLANG_WARN_BLOCK_CAPTURE_AUTORELEASING = YES;
				CLANG_WARN_BOOL_CONVERSION = YES;
				CLANG_WARN_COMMA = YES;
				CLANG_WARN_CONSTANT_CONVERSION = YES;
				CLANG_WARN_DEPRECATED_OBJC_IMPLEMENTATIONS = YES;
				CLANG_WARN_DIRECT_OBJC_ISA_USAGE = YES_ERROR;
				CLANG_WARN_DOCUMENTATION_COMMENTS = YES;
				CLANG_WARN_EMPTY_BODY = YES;
				CLANG_WARN_ENUM_CONVERSION = YES;
				CLANG_WARN_INFINITE_RECURSION = YES;
				CLANG_WARN_INT_CONVERSION = YES;
				CLANG_WARN_NON_LITERAL_NULL_CONVERSION = YES;
				CLANG_WARN_OBJC_IMPLICIT_RETAIN_SELF = YES;
				CLANG_WARN_OBJC_LITERAL_CONVERSION = YES;
				CLANG_WARN_OBJC_ROOT_CLASS = YES_ERROR;
				CLANG_WARN_QUOTED_INCLUDE_IN_FRAMEWORK_HEADER = YES;
				CLANG_WARN_RANGE_LOOP_ANALYSIS = YES;
				CLANG_WARN_STRICT_PROTOTYPES = YES;
				CLANG_WARN_SUSPICIOUS_MOVE = YES;
				CLANG_WARN_UNGUARDED_AVAILABILITY = YES_AGGRESSIVE;
				CLANG_WARN_UNREACHABLE_CODE = YES;
				CLANG_WARN__DUPLICATE_METHOD_MATCH = YES;
				COPY_PHASE_STRIP = NO;
				DEBUG_INFORMATION_FORMAT = "dwarf-with-dsym";
				ENABLE_NS_ASSERTIONS = NO;
				ENABLE_STRICT_OBJC_MSGSEND = YES;
				ENABLE_USER_SCRIPT_SANDBOXING = YES;
				GCC_C_LANGUAGE_STANDARD = gnu17;
				GCC_NO_COMMON_BLOCKS = YES;
				GCC_WARN_64_TO_32_BIT_CONVERSION = YES;
				GCC_WARN_ABOUT_RETURN_TYPE = YES_ERROR;
				GCC_WARN_UNDECLARED_SELECTOR = YES;
				GCC_WARN_UNINITIALIZED_AUTOS = YES_AGGRESSIVE;
				GCC_WARN_UNUSED_FUNCTION = YES;
				GCC_WARN_UNUSED_VARIABLE = YES;
				IPHONEOS_DEPLOYMENT_TARGET = 15.0;
				LOCALIZATION_PREFERS_STRING_CATALOGS = YES;
				MTL_ENABLE_DEBUG_INFO = NO;
				MTL_FAST_MATH = YES;
				SDKROOT = iphoneos;
				SWIFT_COMPILATION_MODE = wholemodule;
				VALIDATE_PRODUCT = YES;
			};
			name = Release;
		};
		E3D66D362AC9A50A00C290A6 /* Debug */ = {
			isa = XCBuildConfiguration;
			buildSettings = {
				ASSETCATALOG_COMPILER_APPICON_NAME = AppIcon;
				ASSETCATALOG_COMPILER_GLOBAL_ACCENT_COLOR_NAME = AccentColor;
				CODE_SIGN_STYLE = Automatic;
				CURRENT_PROJECT_VERSION = 1;
				DEVELOPMENT_TEAM = C88SJ52M22;
				GENERATE_INFOPLIST_FILE = YES;
				INFOPLIST_FILE = MedBook/Info.plist;
				INFOPLIST_KEY_CFBundleDisplayName = MedBook;
				INFOPLIST_KEY_UIApplicationSupportsIndirectInputEvents = YES;
				INFOPLIST_KEY_UILaunchStoryboardName = LaunchScreen;
				INFOPLIST_KEY_UISupportedInterfaceOrientations = UIInterfaceOrientationPortrait;
				INFOPLIST_KEY_UISupportedInterfaceOrientations_iPad = "UIInterfaceOrientationLandscapeLeft UIInterfaceOrientationLandscapeRight UIInterfaceOrientationPortrait UIInterfaceOrientationPortraitUpsideDown";
				IPHONEOS_DEPLOYMENT_TARGET = 15.0;
				LD_RUNPATH_SEARCH_PATHS = (
					"$(inherited)",
					"@executable_path/Frameworks",
				);
				MARKETING_VERSION = 1.0;
				PRODUCT_BUNDLE_IDENTIFIER = example.MedBook;
				PRODUCT_NAME = "$(TARGET_NAME)";
				SWIFT_EMIT_LOC_STRINGS = YES;
				SWIFT_VERSION = 5.0;
				TARGETED_DEVICE_FAMILY = "1,2";
			};
			name = Debug;
		};
		E3D66D372AC9A50A00C290A6 /* Release */ = {
			isa = XCBuildConfiguration;
			buildSettings = {
				ASSETCATALOG_COMPILER_APPICON_NAME = AppIcon;
				ASSETCATALOG_COMPILER_GLOBAL_ACCENT_COLOR_NAME = AccentColor;
				CODE_SIGN_STYLE = Automatic;
				CURRENT_PROJECT_VERSION = 1;
				DEVELOPMENT_TEAM = C88SJ52M22;
				GENERATE_INFOPLIST_FILE = YES;
				INFOPLIST_FILE = MedBook/Info.plist;
				INFOPLIST_KEY_CFBundleDisplayName = MedBook;
				INFOPLIST_KEY_UIApplicationSupportsIndirectInputEvents = YES;
				INFOPLIST_KEY_UILaunchStoryboardName = LaunchScreen;
				INFOPLIST_KEY_UISupportedInterfaceOrientations = UIInterfaceOrientationPortrait;
				INFOPLIST_KEY_UISupportedInterfaceOrientations_iPad = "UIInterfaceOrientationLandscapeLeft UIInterfaceOrientationLandscapeRight UIInterfaceOrientationPortrait UIInterfaceOrientationPortraitUpsideDown";
				IPHONEOS_DEPLOYMENT_TARGET = 15.0;
				LD_RUNPATH_SEARCH_PATHS = (
					"$(inherited)",
					"@executable_path/Frameworks",
				);
				MARKETING_VERSION = 1.0;
				PRODUCT_BUNDLE_IDENTIFIER = example.MedBook;
				PRODUCT_NAME = "$(TARGET_NAME)";
				SWIFT_EMIT_LOC_STRINGS = YES;
				SWIFT_VERSION = 5.0;
				TARGETED_DEVICE_FAMILY = "1,2";
			};
			name = Release;
		};
/* End XCBuildConfiguration section */

/* Begin XCConfigurationList section */
		E3D66D1C2AC9A50900C290A6 /* Build configuration list for PBXProject "MedBook" */ = {
			isa = XCConfigurationList;
			buildConfigurations = (
				E3D66D332AC9A50A00C290A6 /* Debug */,
				E3D66D342AC9A50A00C290A6 /* Release */,
			);
			defaultConfigurationIsVisible = 0;
			defaultConfigurationName = Release;
		};
		E3D66D352AC9A50A00C290A6 /* Build configuration list for PBXNativeTarget "MedBook" */ = {
			isa = XCConfigurationList;
			buildConfigurations = (
				E3D66D362AC9A50A00C290A6 /* Debug */,
				E3D66D372AC9A50A00C290A6 /* Release */,
			);
			defaultConfigurationIsVisible = 0;
			defaultConfigurationName = Release;
		};
/* End XCConfigurationList section */
	};
	rootObject = E3D66D192AC9A50900C290A6 /* Project object */;
}
